
Microsoft Visual Studio Solution File, Format Version 12.00
# Visual Studio Version 17
VisualStudioVersion = 17.0.31903.59
MinimumVisualStudioVersion = 10.0.40219.1
Project("{2150E333-8FDC-42A3-9474-1A3956D46DE8}") = "src", "src", "{827E0CD3-B72D-47B6-A68D-7590B98EB39B}"
EndProject
Project("{FAE04EC0-301F-11D3-BF4B-00C04F79EFBC}") = "SocialApp.User", "src\SocialApp.User\SocialApp.User.csproj", "{68CFB43A-A037-4AA7-B1FC-F6680920F84C}"
EndProject
Project("{FAE04EC0-301F-11D3-BF4B-00C04F79EFBC}") = "SocialApp.Post", "src\SocialApp.Post\SocialApp.Post.csproj", "{38EA37D5-285B-4690-8EA8-C40AFD276BF6}"
EndProject
Project("{2150E333-8FDC-42A3-9474-1A3956D46DE8}") = "tests", "tests", "{0AB3BF05-4346-4AA6-1389-037BE0695223}"
EndProject
Project("{FAE04EC0-301F-11D3-BF4B-00C04F79EFBC}") = "SocialApp.User.Tests", "tests\SocialApp.User.Tests\SocialApp.User.Tests.csproj", "{4AAE0802-E1B8-40EA-9042-0B6B25E886D2}"
EndProject
Project("{FAE04EC0-301F-11D3-BF4B-00C04F79EFBC}") = "SocialApp.Post.Tests", "tests\SocialApp.Post.Tests\SocialApp.Post.Tests.csproj", "{77DE3180-3E86-4E52-9DAB-59841F8D8BDC}"
EndProject
Project("{FAE04EC0-301F-11D3-BF4B-00C04F79EFBC}") = "SocialApp.Architecture.Tests", "tests\SocialApp.Architecture.Tests\SocialApp.Architecture.Tests.csproj", "{B12D7B2D-BE6B-49BE-91D5-DDB7DF0073E1}"
EndProject
Project("{FAE04EC0-301F-11D3-BF4B-00C04F79EFBC}") = "SocialApp.Infrastructure.CosmosMongo", "src\SocialApp.Infrastructure.CosmosMongo\SocialApp.Infrastructure.CosmosMongo.csproj", "{540C349B-4828-4D66-B56A-DA126C355C07}"
EndProject
Project("{FAE04EC0-301F-11D3-BF4B-00C04F79EFBC}") = "SocialApp.Api", "src\SocialApp.Api\SocialApp.Api.csproj", "{47AA6A78-257F-4D33-AEEA-DCD02917E133}"
EndProject
Project("{FAE04EC0-301F-11D3-BF4B-00C04F79EFBC}") = "SocialApp.Web", "src\SocialApp.Web\SocialApp.Web.csproj", "{61E38344-F4BD-41EF-A201-3EFC1CB05E0B}"
EndProject
Project("{FAE04EC0-301F-11D3-BF4B-00C04F79EFBC}") = "SocialApp.Infrastructure.CosmosMongo.Tests", "tests\SocialApp.Infrastructure.CosmosMongo.Tests\SocialApp.Infrastructure.CosmosMongo.Tests.csproj", "{F53EFADD-B29F-4C41-9A9C-CE88FC1285FE}"
EndProject
Project("{FAE04EC0-301F-11D3-BF4B-00C04F79EFBC}") = "SocialApp.Api.Tests", "tests\SocialApp.Api.Tests\SocialApp.Api.Tests.csproj", "{0F255689-DA30-450A-AAC4-7F51F03AE4A9}"
EndProject
Project("{FAE04EC0-301F-11D3-BF4B-00C04F79EFBC}") = "SocialApp.Infrastructure.AcsEmail", "src\SocialApp.Infrastructure.AcsEmail\SocialApp.Infrastructure.AcsEmail.csproj", "{D137E3A1-EA52-425B-A178-59A7DB88F3A0}"
EndProject
Project("{E53339B2-1760-F046-BFC6-CA923CBCF16C}") = "docker-compose", "docker-compose.dcproj", "{9F3B942E-9AF8-4F15-BB94-9CF2957EE57F}"
EndProject
Project("{FAE04EC0-301F-11D3-BF4B-00C04F79EFBC}") = "SocialApp.Infrastructure.LocalStorage", "src\SocialApp.Infrastructure.LocalStorage\SocialApp.Infrastructure.LocalStorage.csproj", "{939F53A8-5115-41C1-99B7-5731AA4D04E6}"
EndProject
Project("{FAE04EC0-301F-11D3-BF4B-00C04F79EFBC}") = "SocialApp.Infrastructure.LocalStorage.Tests", "tests\SocialApp.Infrastructure.LocalStorage.Tests\SocialApp.Infrastructure.LocalStorage.Tests.csproj", "{DD843412-B571-4BD2-A410-9D0ABF693AF7}"
EndProject
Project("{FAE04EC0-301F-11D3-BF4B-00C04F79EFBC}") = "SocialApp.Infrastructure.AzureBlobStorage", "src\SocialApp.Infrastructure.AzureBlobStorage\SocialApp.Infrastructure.AzureBlobStorage.csproj", "{6B6842E4-AD31-4401-915D-4517E98BF5E8}"
EndProject
Global
	GlobalSection(SolutionConfigurationPlatforms) = preSolution
		Debug|Any CPU = Debug|Any CPU
		Debug|x64 = Debug|x64
		Debug|x86 = Debug|x86
		Release|Any CPU = Release|Any CPU
		Release|x64 = Release|x64
		Release|x86 = Release|x86
	EndGlobalSection
	GlobalSection(ProjectConfigurationPlatforms) = postSolution
		{68CFB43A-A037-4AA7-B1FC-F6680920F84C}.Debug|Any CPU.ActiveCfg = Debug|Any CPU
		{68CFB43A-A037-4AA7-B1FC-F6680920F84C}.Debug|Any CPU.Build.0 = Debug|Any CPU
		{68CFB43A-A037-4AA7-B1FC-F6680920F84C}.Debug|x64.ActiveCfg = Debug|Any CPU
		{68CFB43A-A037-4AA7-B1FC-F6680920F84C}.Debug|x64.Build.0 = Debug|Any CPU
		{68CFB43A-A037-4AA7-B1FC-F6680920F84C}.Debug|x86.ActiveCfg = Debug|Any CPU
		{68CFB43A-A037-4AA7-B1FC-F6680920F84C}.Debug|x86.Build.0 = Debug|Any CPU
		{68CFB43A-A037-4AA7-B1FC-F6680920F84C}.Release|Any CPU.ActiveCfg = Release|Any CPU
		{68CFB43A-A037-4AA7-B1FC-F6680920F84C}.Release|Any CPU.Build.0 = Release|Any CPU
		{68CFB43A-A037-4AA7-B1FC-F6680920F84C}.Release|x64.ActiveCfg = Release|Any CPU
		{68CFB43A-A037-4AA7-B1FC-F6680920F84C}.Release|x64.Build.0 = Release|Any CPU
		{68CFB43A-A037-4AA7-B1FC-F6680920F84C}.Release|x86.ActiveCfg = Release|Any CPU
		{68CFB43A-A037-4AA7-B1FC-F6680920F84C}.Release|x86.Build.0 = Release|Any CPU
		{38EA37D5-285B-4690-8EA8-C40AFD276BF6}.Debug|Any CPU.ActiveCfg = Debug|Any CPU
		{38EA37D5-285B-4690-8EA8-C40AFD276BF6}.Debug|Any CPU.Build.0 = Debug|Any CPU
		{38EA37D5-285B-4690-8EA8-C40AFD276BF6}.Debug|x64.ActiveCfg = Debug|Any CPU
		{38EA37D5-285B-4690-8EA8-C40AFD276BF6}.Debug|x64.Build.0 = Debug|Any CPU
		{38EA37D5-285B-4690-8EA8-C40AFD276BF6}.Debug|x86.ActiveCfg = Debug|Any CPU
		{38EA37D5-285B-4690-8EA8-C40AFD276BF6}.Debug|x86.Build.0 = Debug|Any CPU
		{38EA37D5-285B-4690-8EA8-C40AFD276BF6}.Release|Any CPU.ActiveCfg = Release|Any CPU
		{38EA37D5-285B-4690-8EA8-C40AFD276BF6}.Release|Any CPU.Build.0 = Release|Any CPU
		{38EA37D5-285B-4690-8EA8-C40AFD276BF6}.Release|x64.ActiveCfg = Release|Any CPU
		{38EA37D5-285B-4690-8EA8-C40AFD276BF6}.Release|x64.Build.0 = Release|Any CPU
		{38EA37D5-285B-4690-8EA8-C40AFD276BF6}.Release|x86.ActiveCfg = Release|Any CPU
		{38EA37D5-285B-4690-8EA8-C40AFD276BF6}.Release|x86.Build.0 = Release|Any CPU
		{4AAE0802-E1B8-40EA-9042-0B6B25E886D2}.Debug|Any CPU.ActiveCfg = Debug|Any CPU
		{4AAE0802-E1B8-40EA-9042-0B6B25E886D2}.Debug|Any CPU.Build.0 = Debug|Any CPU
		{4AAE0802-E1B8-40EA-9042-0B6B25E886D2}.Debug|x64.ActiveCfg = Debug|Any CPU
		{4AAE0802-E1B8-40EA-9042-0B6B25E886D2}.Debug|x64.Build.0 = Debug|Any CPU
		{4AAE0802-E1B8-40EA-9042-0B6B25E886D2}.Debug|x86.ActiveCfg = Debug|Any CPU
		{4AAE0802-E1B8-40EA-9042-0B6B25E886D2}.Debug|x86.Build.0 = Debug|Any CPU
		{4AAE0802-E1B8-40EA-9042-0B6B25E886D2}.Release|Any CPU.ActiveCfg = Release|Any CPU
		{4AAE0802-E1B8-40EA-9042-0B6B25E886D2}.Release|Any CPU.Build.0 = Release|Any CPU
		{4AAE0802-E1B8-40EA-9042-0B6B25E886D2}.Release|x64.ActiveCfg = Release|Any CPU
		{4AAE0802-E1B8-40EA-9042-0B6B25E886D2}.Release|x64.Build.0 = Release|Any CPU
		{4AAE0802-E1B8-40EA-9042-0B6B25E886D2}.Release|x86.ActiveCfg = Release|Any CPU
		{4AAE0802-E1B8-40EA-9042-0B6B25E886D2}.Release|x86.Build.0 = Release|Any CPU
		{77DE3180-3E86-4E52-9DAB-59841F8D8BDC}.Debug|Any CPU.ActiveCfg = Debug|Any CPU
		{77DE3180-3E86-4E52-9DAB-59841F8D8BDC}.Debug|Any CPU.Build.0 = Debug|Any CPU
		{77DE3180-3E86-4E52-9DAB-59841F8D8BDC}.Debug|x64.ActiveCfg = Debug|Any CPU
		{77DE3180-3E86-4E52-9DAB-59841F8D8BDC}.Debug|x64.Build.0 = Debug|Any CPU
		{77DE3180-3E86-4E52-9DAB-59841F8D8BDC}.Debug|x86.ActiveCfg = Debug|Any CPU
		{77DE3180-3E86-4E52-9DAB-59841F8D8BDC}.Debug|x86.Build.0 = Debug|Any CPU
		{77DE3180-3E86-4E52-9DAB-59841F8D8BDC}.Release|Any CPU.ActiveCfg = Release|Any CPU
		{77DE3180-3E86-4E52-9DAB-59841F8D8BDC}.Release|Any CPU.Build.0 = Release|Any CPU
		{77DE3180-3E86-4E52-9DAB-59841F8D8BDC}.Release|x64.ActiveCfg = Release|Any CPU
		{77DE3180-3E86-4E52-9DAB-59841F8D8BDC}.Release|x64.Build.0 = Release|Any CPU
		{77DE3180-3E86-4E52-9DAB-59841F8D8BDC}.Release|x86.ActiveCfg = Release|Any CPU
		{77DE3180-3E86-4E52-9DAB-59841F8D8BDC}.Release|x86.Build.0 = Release|Any CPU
		{B12D7B2D-BE6B-49BE-91D5-DDB7DF0073E1}.Debug|Any CPU.ActiveCfg = Debug|Any CPU
		{B12D7B2D-BE6B-49BE-91D5-DDB7DF0073E1}.Debug|Any CPU.Build.0 = Debug|Any CPU
		{B12D7B2D-BE6B-49BE-91D5-DDB7DF0073E1}.Debug|x64.ActiveCfg = Debug|Any CPU
		{B12D7B2D-BE6B-49BE-91D5-DDB7DF0073E1}.Debug|x64.Build.0 = Debug|Any CPU
		{B12D7B2D-BE6B-49BE-91D5-DDB7DF0073E1}.Debug|x86.ActiveCfg = Debug|Any CPU
		{B12D7B2D-BE6B-49BE-91D5-DDB7DF0073E1}.Debug|x86.Build.0 = Debug|Any CPU
		{B12D7B2D-BE6B-49BE-91D5-DDB7DF0073E1}.Release|Any CPU.ActiveCfg = Release|Any CPU
		{B12D7B2D-BE6B-49BE-91D5-DDB7DF0073E1}.Release|Any CPU.Build.0 = Release|Any CPU
		{B12D7B2D-BE6B-49BE-91D5-DDB7DF0073E1}.Release|x64.ActiveCfg = Release|Any CPU
		{B12D7B2D-BE6B-49BE-91D5-DDB7DF0073E1}.Release|x64.Build.0 = Release|Any CPU
		{B12D7B2D-BE6B-49BE-91D5-DDB7DF0073E1}.Release|x86.ActiveCfg = Release|Any CPU
		{B12D7B2D-BE6B-49BE-91D5-DDB7DF0073E1}.Release|x86.Build.0 = Release|Any CPU
		{540C349B-4828-4D66-B56A-DA126C355C07}.Debug|Any CPU.ActiveCfg = Debug|Any CPU
		{540C349B-4828-4D66-B56A-DA126C355C07}.Debug|Any CPU.Build.0 = Debug|Any CPU
		{540C349B-4828-4D66-B56A-DA126C355C07}.Debug|x64.ActiveCfg = Debug|Any CPU
		{540C349B-4828-4D66-B56A-DA126C355C07}.Debug|x64.Build.0 = Debug|Any CPU
		{540C349B-4828-4D66-B56A-DA126C355C07}.Debug|x86.ActiveCfg = Debug|Any CPU
		{540C349B-4828-4D66-B56A-DA126C355C07}.Debug|x86.Build.0 = Debug|Any CPU
		{540C349B-4828-4D66-B56A-DA126C355C07}.Release|Any CPU.ActiveCfg = Release|Any CPU
		{540C349B-4828-4D66-B56A-DA126C355C07}.Release|Any CPU.Build.0 = Release|Any CPU
		{540C349B-4828-4D66-B56A-DA126C355C07}.Release|x64.ActiveCfg = Release|Any CPU
		{540C349B-4828-4D66-B56A-DA126C355C07}.Release|x64.Build.0 = Release|Any CPU
		{540C349B-4828-4D66-B56A-DA126C355C07}.Release|x86.ActiveCfg = Release|Any CPU
		{540C349B-4828-4D66-B56A-DA126C355C07}.Release|x86.Build.0 = Release|Any CPU
		{47AA6A78-257F-4D33-AEEA-DCD02917E133}.Debug|Any CPU.ActiveCfg = Debug|Any CPU
		{47AA6A78-257F-4D33-AEEA-DCD02917E133}.Debug|Any CPU.Build.0 = Debug|Any CPU
		{47AA6A78-257F-4D33-AEEA-DCD02917E133}.Debug|x64.ActiveCfg = Debug|Any CPU
		{47AA6A78-257F-4D33-AEEA-DCD02917E133}.Debug|x64.Build.0 = Debug|Any CPU
		{47AA6A78-257F-4D33-AEEA-DCD02917E133}.Debug|x86.ActiveCfg = Debug|Any CPU
		{47AA6A78-257F-4D33-AEEA-DCD02917E133}.Debug|x86.Build.0 = Debug|Any CPU
		{47AA6A78-257F-4D33-AEEA-DCD02917E133}.Release|Any CPU.ActiveCfg = Release|Any CPU
		{47AA6A78-257F-4D33-AEEA-DCD02917E133}.Release|Any CPU.Build.0 = Release|Any CPU
		{47AA6A78-257F-4D33-AEEA-DCD02917E133}.Release|x64.ActiveCfg = Release|Any CPU
		{47AA6A78-257F-4D33-AEEA-DCD02917E133}.Release|x64.Build.0 = Release|Any CPU
		{47AA6A78-257F-4D33-AEEA-DCD02917E133}.Release|x86.ActiveCfg = Release|Any CPU
		{47AA6A78-257F-4D33-AEEA-DCD02917E133}.Release|x86.Build.0 = Release|Any CPU
		{61E38344-F4BD-41EF-A201-3EFC1CB05E0B}.Debug|Any CPU.ActiveCfg = Debug|Any CPU
		{61E38344-F4BD-41EF-A201-3EFC1CB05E0B}.Debug|Any CPU.Build.0 = Debug|Any CPU
		{61E38344-F4BD-41EF-A201-3EFC1CB05E0B}.Debug|x64.ActiveCfg = Debug|Any CPU
		{61E38344-F4BD-41EF-A201-3EFC1CB05E0B}.Debug|x64.Build.0 = Debug|Any CPU
		{61E38344-F4BD-41EF-A201-3EFC1CB05E0B}.Debug|x86.ActiveCfg = Debug|Any CPU
		{61E38344-F4BD-41EF-A201-3EFC1CB05E0B}.Debug|x86.Build.0 = Debug|Any CPU
		{61E38344-F4BD-41EF-A201-3EFC1CB05E0B}.Release|Any CPU.ActiveCfg = Release|Any CPU
		{61E38344-F4BD-41EF-A201-3EFC1CB05E0B}.Release|Any CPU.Build.0 = Release|Any CPU
		{61E38344-F4BD-41EF-A201-3EFC1CB05E0B}.Release|x64.ActiveCfg = Release|Any CPU
		{61E38344-F4BD-41EF-A201-3EFC1CB05E0B}.Release|x64.Build.0 = Release|Any CPU
		{61E38344-F4BD-41EF-A201-3EFC1CB05E0B}.Release|x86.ActiveCfg = Release|Any CPU
		{61E38344-F4BD-41EF-A201-3EFC1CB05E0B}.Release|x86.Build.0 = Release|Any CPU
		{F53EFADD-B29F-4C41-9A9C-CE88FC1285FE}.Debug|Any CPU.ActiveCfg = Debug|Any CPU
		{F53EFADD-B29F-4C41-9A9C-CE88FC1285FE}.Debug|Any CPU.Build.0 = Debug|Any CPU
		{F53EFADD-B29F-4C41-9A9C-CE88FC1285FE}.Debug|x64.ActiveCfg = Debug|Any CPU
		{F53EFADD-B29F-4C41-9A9C-CE88FC1285FE}.Debug|x64.Build.0 = Debug|Any CPU
		{F53EFADD-B29F-4C41-9A9C-CE88FC1285FE}.Debug|x86.ActiveCfg = Debug|Any CPU
		{F53EFADD-B29F-4C41-9A9C-CE88FC1285FE}.Debug|x86.Build.0 = Debug|Any CPU
		{F53EFADD-B29F-4C41-9A9C-CE88FC1285FE}.Release|Any CPU.ActiveCfg = Release|Any CPU
		{F53EFADD-B29F-4C41-9A9C-CE88FC1285FE}.Release|Any CPU.Build.0 = Release|Any CPU
		{F53EFADD-B29F-4C41-9A9C-CE88FC1285FE}.Release|x64.ActiveCfg = Release|Any CPU
		{F53EFADD-B29F-4C41-9A9C-CE88FC1285FE}.Release|x64.Build.0 = Release|Any CPU
		{F53EFADD-B29F-4C41-9A9C-CE88FC1285FE}.Release|x86.ActiveCfg = Release|Any CPU
		{F53EFADD-B29F-4C41-9A9C-CE88FC1285FE}.Release|x86.Build.0 = Release|Any CPU
		{0F255689-DA30-450A-AAC4-7F51F03AE4A9}.Debug|Any CPU.ActiveCfg = Debug|Any CPU
		{0F255689-DA30-450A-AAC4-7F51F03AE4A9}.Debug|Any CPU.Build.0 = Debug|Any CPU
		{0F255689-DA30-450A-AAC4-7F51F03AE4A9}.Debug|x64.ActiveCfg = Debug|Any CPU
		{0F255689-DA30-450A-AAC4-7F51F03AE4A9}.Debug|x64.Build.0 = Debug|Any CPU
		{0F255689-DA30-450A-AAC4-7F51F03AE4A9}.Debug|x86.ActiveCfg = Debug|Any CPU
		{0F255689-DA30-450A-AAC4-7F51F03AE4A9}.Debug|x86.Build.0 = Debug|Any CPU
		{0F255689-DA30-450A-AAC4-7F51F03AE4A9}.Release|Any CPU.ActiveCfg = Release|Any CPU
		{0F255689-DA30-450A-AAC4-7F51F03AE4A9}.Release|Any CPU.Build.0 = Release|Any CPU
		{0F255689-DA30-450A-AAC4-7F51F03AE4A9}.Release|x64.ActiveCfg = Release|Any CPU
		{0F255689-DA30-450A-AAC4-7F51F03AE4A9}.Release|x64.Build.0 = Release|Any CPU
		{0F255689-DA30-450A-AAC4-7F51F03AE4A9}.Release|x86.ActiveCfg = Release|Any CPU
		{0F255689-DA30-450A-AAC4-7F51F03AE4A9}.Release|x86.Build.0 = Release|Any CPU
		{D137E3A1-EA52-425B-A178-59A7DB88F3A0}.Debug|Any CPU.ActiveCfg = Debug|Any CPU
		{D137E3A1-EA52-425B-A178-59A7DB88F3A0}.Debug|Any CPU.Build.0 = Debug|Any CPU
		{D137E3A1-EA52-425B-A178-59A7DB88F3A0}.Debug|x64.ActiveCfg = Debug|Any CPU
		{D137E3A1-EA52-425B-A178-59A7DB88F3A0}.Debug|x64.Build.0 = Debug|Any CPU
		{D137E3A1-EA52-425B-A178-59A7DB88F3A0}.Debug|x86.ActiveCfg = Debug|Any CPU
		{D137E3A1-EA52-425B-A178-59A7DB88F3A0}.Debug|x86.Build.0 = Debug|Any CPU
		{D137E3A1-EA52-425B-A178-59A7DB88F3A0}.Release|Any CPU.ActiveCfg = Release|Any CPU
		{D137E3A1-EA52-425B-A178-59A7DB88F3A0}.Release|Any CPU.Build.0 = Release|Any CPU
		{D137E3A1-EA52-425B-A178-59A7DB88F3A0}.Release|x64.ActiveCfg = Release|Any CPU
		{D137E3A1-EA52-425B-A178-59A7DB88F3A0}.Release|x64.Build.0 = Release|Any CPU
		{D137E3A1-EA52-425B-A178-59A7DB88F3A0}.Release|x86.ActiveCfg = Release|Any CPU
		{D137E3A1-EA52-425B-A178-59A7DB88F3A0}.Release|x86.Build.0 = Release|Any CPU
		{9F3B942E-9AF8-4F15-BB94-9CF2957EE57F}.Debug|Any CPU.ActiveCfg = Debug|Any CPU
		{9F3B942E-9AF8-4F15-BB94-9CF2957EE57F}.Debug|Any CPU.Build.0 = Debug|Any CPU
		{9F3B942E-9AF8-4F15-BB94-9CF2957EE57F}.Debug|x64.ActiveCfg = Debug|Any CPU
		{9F3B942E-9AF8-4F15-BB94-9CF2957EE57F}.Debug|x64.Build.0 = Debug|Any CPU
		{9F3B942E-9AF8-4F15-BB94-9CF2957EE57F}.Debug|x86.ActiveCfg = Debug|Any CPU
		{9F3B942E-9AF8-4F15-BB94-9CF2957EE57F}.Debug|x86.Build.0 = Debug|Any CPU
		{9F3B942E-9AF8-4F15-BB94-9CF2957EE57F}.Release|Any CPU.ActiveCfg = Release|Any CPU
		{9F3B942E-9AF8-4F15-BB94-9CF2957EE57F}.Release|Any CPU.Build.0 = Release|Any CPU
		{9F3B942E-9AF8-4F15-BB94-9CF2957EE57F}.Release|x64.ActiveCfg = Release|Any CPU
		{9F3B942E-9AF8-4F15-BB94-9CF2957EE57F}.Release|x64.Build.0 = Release|Any CPU
		{9F3B942E-9AF8-4F15-BB94-9CF2957EE57F}.Release|x86.ActiveCfg = Release|Any CPU
		{9F3B942E-9AF8-4F15-BB94-9CF2957EE57F}.Release|x86.Build.0 = Release|Any CPU
		{939F53A8-5115-41C1-99B7-5731AA4D04E6}.Debug|Any CPU.ActiveCfg = Debug|Any CPU
		{939F53A8-5115-41C1-99B7-5731AA4D04E6}.Debug|Any CPU.Build.0 = Debug|Any CPU
		{939F53A8-5115-41C1-99B7-5731AA4D04E6}.Debug|x64.ActiveCfg = Debug|Any CPU
		{939F53A8-5115-41C1-99B7-5731AA4D04E6}.Debug|x64.Build.0 = Debug|Any CPU
		{939F53A8-5115-41C1-99B7-5731AA4D04E6}.Debug|x86.ActiveCfg = Debug|Any CPU
		{939F53A8-5115-41C1-99B7-5731AA4D04E6}.Debug|x86.Build.0 = Debug|Any CPU
		{939F53A8-5115-41C1-99B7-5731AA4D04E6}.Release|Any CPU.ActiveCfg = Release|Any CPU
		{939F53A8-5115-41C1-99B7-5731AA4D04E6}.Release|Any CPU.Build.0 = Release|Any CPU
		{939F53A8-5115-41C1-99B7-5731AA4D04E6}.Release|x64.ActiveCfg = Release|Any CPU
		{939F53A8-5115-41C1-99B7-5731AA4D04E6}.Release|x64.Build.0 = Release|Any CPU
		{939F53A8-5115-41C1-99B7-5731AA4D04E6}.Release|x86.ActiveCfg = Release|Any CPU
		{939F53A8-5115-41C1-99B7-5731AA4D04E6}.Release|x86.Build.0 = Release|Any CPU
		{DD843412-B571-4BD2-A410-9D0ABF693AF7}.Debug|Any CPU.ActiveCfg = Debug|Any CPU
		{DD843412-B571-4BD2-A410-9D0ABF693AF7}.Debug|Any CPU.Build.0 = Debug|Any CPU
		{DD843412-B571-4BD2-A410-9D0ABF693AF7}.Debug|x64.ActiveCfg = Debug|Any CPU
		{DD843412-B571-4BD2-A410-9D0ABF693AF7}.Debug|x64.Build.0 = Debug|Any CPU
		{DD843412-B571-4BD2-A410-9D0ABF693AF7}.Debug|x86.ActiveCfg = Debug|Any CPU
		{DD843412-B571-4BD2-A410-9D0ABF693AF7}.Debug|x86.Build.0 = Debug|Any CPU
		{DD843412-B571-4BD2-A410-9D0ABF693AF7}.Release|Any CPU.ActiveCfg = Release|Any CPU
		{DD843412-B571-4BD2-A410-9D0ABF693AF7}.Release|Any CPU.Build.0 = Release|Any CPU
		{DD843412-B571-4BD2-A410-9D0ABF693AF7}.Release|x64.ActiveCfg = Release|Any CPU
		{DD843412-B571-4BD2-A410-9D0ABF693AF7}.Release|x64.Build.0 = Release|Any CPU
		{DD843412-B571-4BD2-A410-9D0ABF693AF7}.Release|x86.ActiveCfg = Release|Any CPU
		{DD843412-B571-4BD2-A410-9D0ABF693AF7}.Release|x86.Build.0 = Release|Any CPU
		{6B6842E4-AD31-4401-915D-4517E98BF5E8}.Debug|Any CPU.ActiveCfg = Debug|Any CPU
		{6B6842E4-AD31-4401-915D-4517E98BF5E8}.Debug|Any CPU.Build.0 = Debug|Any CPU
		{6B6842E4-AD31-4401-915D-4517E98BF5E8}.Debug|x64.ActiveCfg = Debug|Any CPU
		{6B6842E4-AD31-4401-915D-4517E98BF5E8}.Debug|x64.Build.0 = Debug|Any CPU
		{6B6842E4-AD31-4401-915D-4517E98BF5E8}.Debug|x86.ActiveCfg = Debug|Any CPU
		{6B6842E4-AD31-4401-915D-4517E98BF5E8}.Debug|x86.Build.0 = Debug|Any CPU
		{6B6842E4-AD31-4401-915D-4517E98BF5E8}.Release|Any CPU.ActiveCfg = Release|Any CPU
		{6B6842E4-AD31-4401-915D-4517E98BF5E8}.Release|Any CPU.Build.0 = Release|Any CPU
		{6B6842E4-AD31-4401-915D-4517E98BF5E8}.Release|x64.ActiveCfg = Release|Any CPU
		{6B6842E4-AD31-4401-915D-4517E98BF5E8}.Release|x64.Build.0 = Release|Any CPU
		{6B6842E4-AD31-4401-915D-4517E98BF5E8}.Release|x86.ActiveCfg = Release|Any CPU
		{6B6842E4-AD31-4401-915D-4517E98BF5E8}.Release|x86.Build.0 = Release|Any CPU
	EndGlobalSection
	GlobalSection(SolutionProperties) = preSolution
		HideSolutionNode = FALSE
	EndGlobalSection
	GlobalSection(NestedProjects) = preSolution
		{68CFB43A-A037-4AA7-B1FC-F6680920F84C} = {827E0CD3-B72D-47B6-A68D-7590B98EB39B}
		{38EA37D5-285B-4690-8EA8-C40AFD276BF6} = {827E0CD3-B72D-47B6-A68D-7590B98EB39B}
		{4AAE0802-E1B8-40EA-9042-0B6B25E886D2} = {0AB3BF05-4346-4AA6-1389-037BE0695223}
		{77DE3180-3E86-4E52-9DAB-59841F8D8BDC} = {0AB3BF05-4346-4AA6-1389-037BE0695223}
		{B12D7B2D-BE6B-49BE-91D5-DDB7DF0073E1} = {0AB3BF05-4346-4AA6-1389-037BE0695223}
		{540C349B-4828-4D66-B56A-DA126C355C07} = {827E0CD3-B72D-47B6-A68D-7590B98EB39B}
		{47AA6A78-257F-4D33-AEEA-DCD02917E133} = {827E0CD3-B72D-47B6-A68D-7590B98EB39B}
		{61E38344-F4BD-41EF-A201-3EFC1CB05E0B} = {827E0CD3-B72D-47B6-A68D-7590B98EB39B}
		{F53EFADD-B29F-4C41-9A9C-CE88FC1285FE} = {0AB3BF05-4346-4AA6-1389-037BE0695223}
		{0F255689-DA30-450A-AAC4-7F51F03AE4A9} = {0AB3BF05-4346-4AA6-1389-037BE0695223}
		{D137E3A1-EA52-425B-A178-59A7DB88F3A0} = {827E0CD3-B72D-47B6-A68D-7590B98EB39B}
		{939F53A8-5115-41C1-99B7-5731AA4D04E6} = {827E0CD3-B72D-47B6-A68D-7590B98EB39B}
		{DD843412-B571-4BD2-A410-9D0ABF693AF7} = {0AB3BF05-4346-4AA6-1389-037BE0695223}
		{6B6842E4-AD31-4401-915D-4517E98BF5E8} = {827E0CD3-B72D-47B6-A68D-7590B98EB39B}
	EndGlobalSection
EndGlobal
